{
  "name": "driver-device",
  "version": "1.0.0",
  "lockfileVersion": 1,
  "requires": true,
  "dependencies": {
    "@iota/bundle": {
      "version": "1.0.0-beta.21",
      "resolved": "https://artifactory.coxautoinc.com/artifactory/api/npm/rts-npm/@iota/bundle/-/bundle-1.0.0-beta.21.tgz",
      "integrity": "sha1-Qda0ELXdmHpYQJ/PYHisMjzJv1c=",
      "requires": {
        "@iota/converter": "^1.0.0-beta.21",
        "@iota/kerl": "^1.0.0-beta.21",
        "@iota/signing": "^1.0.0-beta.21",
        "@iota/transaction": "^1.0.0-beta.21",
        "@types/warning": "^3.0.0",
        "warning": "^4.0.3"
      }
    },
    "@iota/bundle-validator": {
      "version": "1.0.0-beta.21",
      "resolved": "https://artifactory.coxautoinc.com/artifactory/api/npm/rts-npm/@iota/bundle-validator/-/bundle-validator-1.0.0-beta.21.tgz",
      "integrity": "sha1-PlX/kkRsMzfDK7aTt7aU8Io9xvY=",
      "requires": {
        "@iota/converter": "^1.0.0-beta.21",
        "@iota/kerl": "^1.0.0-beta.21",
        "@iota/signing": "^1.0.0-beta.21",
        "@iota/transaction": "^1.0.0-beta.21",
        "@iota/transaction-converter": "^1.0.0-beta.21"
      }
    },
    "@iota/checksum": {
      "version": "1.0.0-beta.21",
      "resolved": "https://artifactory.coxautoinc.com/artifactory/api/npm/rts-npm/@iota/checksum/-/checksum-1.0.0-beta.21.tgz",
      "integrity": "sha1-e6H7qVr/pzo6RKyUVaIrWZYXYvU=",
      "requires": {
        "@iota/converter": "^1.0.0-beta.21",
        "@iota/kerl": "^1.0.0-beta.21"
      }
    },
    "@iota/converter": {
      "version": "1.0.0-beta.21",
      "resolved": "https://artifactory.coxautoinc.com/artifactory/api/npm/rts-npm/@iota/converter/-/converter-1.0.0-beta.21.tgz",
      "integrity": "sha1-6pS7c4zx33U1MOYKIInuGHYi+uI=",
      "requires": {
        "core-js": "^3.1.4"
      }
    },
    "@iota/core": {
      "version": "1.0.0-beta.21",
      "resolved": "https://artifactory.coxautoinc.com/artifactory/api/npm/rts-npm/@iota/core/-/core-1.0.0-beta.21.tgz",
      "integrity": "sha1-GMarZ5ujvMipNDXevMHNuif88fs=",
      "requires": {
        "@iota/bundle": "^1.0.0-beta.21",
        "@iota/bundle-validator": "^1.0.0-beta.21",
        "@iota/checksum": "^1.0.0-beta.21",
        "@iota/converter": "^1.0.0-beta.21",
        "@iota/curl": "^1.0.0-beta.19",
        "@iota/http-client": "^1.0.0-beta.21",
        "@iota/kerl": "^1.0.0-beta.21",
        "@iota/pad": "^1.0.0-beta.19",
        "@iota/signing": "^1.0.0-beta.21",
        "@iota/transaction": "^1.0.0-beta.21",
        "@iota/transaction-converter": "^1.0.0-beta.21",
        "bluebird": "^3.5.5"
      }
    },
    "@iota/curl": {
      "version": "1.0.0-beta.19",
      "resolved": "https://artifactory.coxautoinc.com/artifactory/api/npm/rts-npm/@iota/curl/-/curl-1.0.0-beta.19.tgz",
      "integrity": "sha1-fDC+xMciXq8aaRgCJRyRmRd6VKg="
    },
    "@iota/http-client": {
      "version": "1.0.0-beta.21",
      "resolved": "https://artifactory.coxautoinc.com/artifactory/api/npm/rts-npm/@iota/http-client/-/http-client-1.0.0-beta.21.tgz",
      "integrity": "sha1-Cg/FlisWgY6HKrrYrwYL+O5bNC0=",
      "requires": {
        "cross-fetch": "^3.0.0",
        "url-parse": "^1.4.7"
      }
    },
    "@iota/kerl": {
      "version": "1.0.0-beta.21",
      "resolved": "https://artifactory.coxautoinc.com/artifactory/api/npm/rts-npm/@iota/kerl/-/kerl-1.0.0-beta.21.tgz",
      "integrity": "sha1-jodgBWr0aa9fxCOUEdJwrnGHoQ0=",
      "requires": {
        "@types/crypto-js": "^3.1.38",
        "crypto-js": "^3.1.9-1"
      }
    },
    "@iota/mam": {
      "version": "0.7.3",
      "resolved": "https://artifactory.coxautoinc.com/artifactory/api/npm/rts-npm/@iota/mam/-/mam-0.7.3.tgz",
      "integrity": "sha1-dmawvXru/QvIsRxyME6TUTRRJPM=",
      "requires": {
        "@iota/converter": "^1.0.0-beta.12",
        "@iota/core": "^1.0.0-beta.12",
        "@iota/curl": "^1.0.0-beta.12"
      }
    },
    "@iota/pad": {
      "version": "1.0.0-beta.19",
      "resolved": "https://artifactory.coxautoinc.com/artifactory/api/npm/rts-npm/@iota/pad/-/pad-1.0.0-beta.19.tgz",
      "integrity": "sha1-/+OevxSb8xAiJoC6+8poxTZ1jRY="
    },
    "@iota/signing": {
      "version": "1.0.0-beta.21",
      "resolved": "https://artifactory.coxautoinc.com/artifactory/api/npm/rts-npm/@iota/signing/-/signing-1.0.0-beta.21.tgz",
      "integrity": "sha1-iNWH3UiFMjWl67bC7esYHqiQwck=",
      "requires": {
        "@iota/converter": "^1.0.0-beta.21",
        "@iota/kerl": "^1.0.0-beta.21",
        "@iota/pad": "^1.0.0-beta.19"
      }
    },
    "@iota/transaction": {
      "version": "1.0.0-beta.21",
      "resolved": "https://artifactory.coxautoinc.com/artifactory/api/npm/rts-npm/@iota/transaction/-/transaction-1.0.0-beta.21.tgz",
      "integrity": "sha1-CeMW+U3wmMdGbKxqfDRUHbRpQvw=",
      "requires": {
        "@iota/converter": "^1.0.0-beta.21",
        "@iota/curl": "^1.0.0-beta.19",
        "@iota/kerl": "^1.0.0-beta.21",
        "@iota/signing": "^1.0.0-beta.21",
        "@types/warning": "^3.0.0",
        "warning": "^4.0.3"
      }
    },
    "@iota/transaction-converter": {
      "version": "1.0.0-beta.21",
      "resolved": "https://artifactory.coxautoinc.com/artifactory/api/npm/rts-npm/@iota/transaction-converter/-/transaction-converter-1.0.0-beta.21.tgz",
      "integrity": "sha1-6SLPg8wgKLelvAYmyGmBvXbuCiE=",
      "requires": {
        "@iota/converter": "^1.0.0-beta.21",
        "@iota/pad": "^1.0.0-beta.19",
        "@iota/transaction": "^1.0.0-beta.21"
      }
    },
    "@types/crypto-js": {
      "version": "3.1.43",
      "resolved": "https://artifactory.coxautoinc.com/artifactory/api/npm/rts-npm/@types/crypto-js/-/crypto-js-3.1.43.tgz",
      "integrity": "sha1-uFk0fWKJuhPjR8M1pMnvpjM3p0g="
    },
    "@types/warning": {
      "version": "3.0.0",
      "resolved": "https://artifactory.coxautoinc.com/artifactory/api/npm/rts-npm/@types/warning/-/warning-3.0.0.tgz",
      "integrity": "sha1-DSUBJorY+ZYrdA04fEZU9fjiPlI="
    },
    "axios": {
      "version": "0.19.0",
      "resolved": "https://artifactory.coxautoinc.com/artifactory/api/npm/rts-npm/axios/-/axios-0.19.0.tgz",
      "integrity": "sha1-jgm/89kSLhM/e4EByPvdAO09Krg=",
      "requires": {
        "follow-redirects": "1.5.10",
        "is-buffer": "^2.0.2"
      }
    },
    "bluebird": {
      "version": "3.5.5",
      "resolved": "https://artifactory.coxautoinc.com/artifactory/api/npm/rts-npm/bluebird/-/bluebird-3.5.5.tgz",
      "integrity": "sha1-qNCv1zJR7/u9X+OEp31zADwXpx8="
    },
    "core-js": {
      "version": "3.2.1",
      "resolved": "https://artifactory.coxautoinc.com/artifactory/api/npm/rts-npm/core-js/-/core-js-3.2.1.tgz",
      "integrity": "sha1-zUHzhTTabMWffbBQ/mcwfemGiwk="
    },
    "cross-fetch": {
      "version": "3.1.5",
      "resolved": "https://registry.npmjs.org/cross-fetch/-/cross-fetch-3.1.5.tgz",
      "integrity": "sha512-lvb1SBsI0Z7GDwmuid+mU3kWVBwTVUbe7S0H52yaaAdQOXq2YktTCZdlAcNKFzE6QtRz0snpw9bNiPeOIkkQvw==",
      "requires": {
        "node-fetch": "2.6.7"
      },
      "dependencies": {
        "node-fetch": {
          "version": "2.6.7",
          "resolved": "https://registry.npmjs.org/node-fetch/-/node-fetch-2.6.7.tgz",
          "integrity": "sha512-ZjMPFEfVx5j+y2yF35Kzx5sF7kDzxuDj6ziH4FFbOp87zKDZNx8yExJIb05OGF4Nlt9IHFIMBkRl41VdvcNdbQ==",
          "requires": {
            "whatwg-url": "^5.0.0"
          }
        }
      }
    },
    "crypto": {
      "version": "1.0.1",
      "resolved": "https://artifactory.coxautoinc.com/artifactory/api/npm/rts-npm/crypto/-/crypto-1.0.1.tgz",
      "integrity": "sha1-KvG3ytgXXSTIobB3glV5SiGAMDc="
    },
    "crypto-js": {
      "version": "3.1.9-1",
      "resolved": "https://artifactory.coxautoinc.com/artifactory/api/npm/rts-npm/crypto-js/-/crypto-js-3.1.9-1.tgz",
      "integrity": "sha1-/aGedh/Ad+Af+/3G6f38WeiAbNg="
    },
    "debug": {
      "version": "3.1.0",
      "resolved": "https://artifactory.coxautoinc.com/artifactory/api/npm/rts-npm/debug/-/debug-3.1.0.tgz",
      "integrity": "sha1-W7WgZyYotkFJVmuhaBnmFRjGcmE=",
      "requires": {
        "ms": "2.0.0"
      }
    },
    "follow-redirects": {
      "version": "1.5.10",
      "resolved": "https://artifactory.coxautoinc.com/artifactory/api/npm/rts-npm/follow-redirects/-/follow-redirects-1.5.10.tgz",
      "integrity": "sha1-e3qfmuov3/NnhqlP9kPtB/T/Xio=",
      "requires": {
        "debug": "=3.1.0"
      }
    },
    "fs": {
      "version": "0.0.1-security",
      "resolved": "https://artifactory.coxautoinc.com/artifactory/api/npm/rts-npm/fs/-/fs-0.0.1-security.tgz",
      "integrity": "sha1-invTcYa23d84E/I4WLV+yq9eQdQ="
    },
    "is-buffer": {
      "version": "2.0.3",
      "resolved": "https://artifactory.coxautoinc.com/artifactory/api/npm/rts-npm/is-buffer/-/is-buffer-2.0.3.tgz",
      "integrity": "sha1-Ts8/z3ScvR5HJonhCaxmJhol5yU="
    },
    "js-tokens": {
      "version": "4.0.0",
      "resolved": "https://artifactory.coxautoinc.com/artifactory/api/npm/rts-npm/js-tokens/-/js-tokens-4.0.0.tgz",
      "integrity": "sha1-GSA/tZmR35jjoocFDUZHzerzJJk="
    },
    "loose-envify": {
      "version": "1.4.0",
      "resolved": "https://artifactory.coxautoinc.com/artifactory/api/npm/rts-npm/loose-envify/-/loose-envify-1.4.0.tgz",
      "integrity": "sha1-ce5R+nvkyuwaY4OffmgtgTLTDK8=",
      "requires": {
        "js-tokens": "^3.0.0 || ^4.0.0"
      }
    },
    "ms": {
      "version": "2.0.0",
      "resolved": "https://artifactory.coxautoinc.com/artifactory/api/npm/rts-npm/ms/-/ms-2.0.0.tgz",
      "integrity": "sha1-VgiurfwAvmwpAd9fmGF4jeDVl8g="
    },
    "querystringify": {
      "version": "2.1.1",
      "resolved": "https://artifactory.coxautoinc.com/artifactory/api/npm/rts-npm/querystringify/-/querystringify-2.1.1.tgz",
      "integrity": "sha1-YOWl/WSn+L+k0qsu1v30yFutFU4="
    },
    "requires-port": {
      "version": "1.0.0",
      "resolved": "https://artifactory.coxautoinc.com/artifactory/api/npm/rts-npm/requires-port/-/requires-port-1.0.0.tgz",
      "integrity": "sha1-kl0mAdOaxIXgkc8NpcbmlNw9yv8="
    },
    "tr46": {
      "version": "0.0.3",
      "resolved": "https://registry.npmjs.org/tr46/-/tr46-0.0.3.tgz",
      "integrity": "sha1-gYT9NH2snNwYWZLzpmIuFLnZq2o="
    },
    "url-parse": {
      "version": "1.4.7",
      "resolved": "https://artifactory.coxautoinc.com/artifactory/api/npm/rts-npm/url-parse/-/url-parse-1.4.7.tgz",
      "integrity": "sha1-qKg1NejACjFuQDpdtKwbm4U64ng=",
      "requires": {
        "querystringify": "^2.1.1",
        "requires-port": "^1.0.0"
      }
    },
    "warning": {
      "version": "4.0.3",
      "resolved": "https://artifactory.coxautoinc.com/artifactory/api/npm/rts-npm/warning/-/warning-4.0.3.tgz",
      "integrity": "sha1-Fungd+uKhtavfWSqHgX9hbRnjKM=",
      "requires": {
        "loose-envify": "^1.0.0"
      }
    },
    "webidl-conversions": {
      "version": "3.0.1",
      "resolved": "https://registry.npmjs.org/webidl-conversions/-/webidl-conversions-3.0.1.tgz",
      "integrity": "sha1-JFNCdeKnvGvnvIZhHMFq4KVlSHE="
    },
    "whatwg-url": {
      "version": "5.0.0",
      "resolved": "https://registry.npmjs.org/whatwg-url/-/whatwg-url-5.0.0.tgz",
      "integrity": "sha1-lmRU6HZUYuN2RNNib2dCzotwll0=",
      "requires": {
        "tr46": "~0.0.3",
        "webidl-conversions": "^3.0.0"
      }
    }
  }
}
